// !$*UTF8*$!
{
	archiveVersion = 1;
	classes = {
	};
	objectVersion = 50;
	objects = {

/* Begin PBXBuildFile section */
		8A25867E76E0CC953D898475 /* Pods_Bottom_Board.framework in Frameworks */ = {isa = PBXBuildFile; fileRef = EBC0993E2C2727D1D62F64D8 /* Pods_Bottom_Board.framework */; };
		DE6FD3D625076F2D007F9387 /* AppDelegate.swift in Sources */ = {isa = PBXBuildFile; fileRef = DE6FD3D525076F2D007F9387 /* AppDelegate.swift */; };
		DE6FD3D825076F2D007F9387 /* SceneDelegate.swift in Sources */ = {isa = PBXBuildFile; fileRef = DE6FD3D725076F2D007F9387 /* SceneDelegate.swift */; };
		DE6FD3DA25076F2D007F9387 /* ViewController.swift in Sources */ = {isa = PBXBuildFile; fileRef = DE6FD3D925076F2D007F9387 /* ViewController.swift */; };
		DE6FD3DD25076F2D007F9387 /* Main.storyboard in Resources */ = {isa = PBXBuildFile; fileRef = DE6FD3DB25076F2D007F9387 /* Main.storyboard */; };
		DE6FD3DF25076F2E007F9387 /* Assets.xcassets in Resources */ = {isa = PBXBuildFile; fileRef = DE6FD3DE25076F2E007F9387 /* Assets.xcassets */; };
		DE6FD3E225076F2E007F9387 /* LaunchScreen.storyboard in Resources */ = {isa = PBXBuildFile; fileRef = DE6FD3E025076F2E007F9387 /* LaunchScreen.storyboard */; };
/* End PBXBuildFile section */

/* Begin PBXFileReference section */
		DE6FD3D225076F2D007F9387 /* Bottom Board.app */ = {isa = PBXFileReference; explicitFileType = wrapper.application; includeInIndex = 0; path = "Bottom Board.app"; sourceTree = BUILT_PRODUCTS_DIR; };
		DE6FD3D525076F2D007F9387 /* AppDelegate.swift */ = {isa = PBXFileReference; lastKnownFileType = sourcecode.swift; path = AppDelegate.swift; sourceTree = "<group>"; };
		DE6FD3D725076F2D007F9387 /* SceneDelegate.swift */ = {isa = PBXFileReference; lastKnownFileType = sourcecode.swift; path = SceneDelegate.swift; sourceTree = "<group>"; };
		DE6FD3D925076F2D007F9387 /* ViewController.swift */ = {isa = PBXFileReference; lastKnownFileType = sourcecode.swift; path = ViewController.swift; sourceTree = "<group>"; };
		DE6FD3DC25076F2D007F9387 /* Base */ = {isa = PBXFileReference; lastKnownFileType = file.storyboard; name = Base; path = Base.lproj/Main.storyboard; sourceTree = "<group>"; };
		DE6FD3DE25076F2E007F9387 /* Assets.xcassets */ = {isa = PBXFileReference; lastKnownFileType = folder.assetcatalog; path = Assets.xcassets; sourceTree = "<group>"; };
		DE6FD3E125076F2E007F9387 /* Base */ = {isa = PBXFileReference; lastKnownFileType = file.storyboard; name = Base; path = Base.lproj/LaunchScreen.storyboard; sourceTree = "<group>"; };
		DE6FD3E325076F2E007F9387 /* Info.plist */ = {isa = PBXFileReference; lastKnownFileType = text.plist.xml; path = Info.plist; sourceTree = "<group>"; };
		DF236E3C8DC9943E48D9D58C /* Pods-Bottom Board.release.xcconfig */ = {isa = PBXFileReference; includeInIndex = 1; lastKnownFileType = text.xcconfig; name = "Pods-Bottom Board.release.xcconfig"; path = "Target Support Files/Pods-Bottom Board/Pods-Bottom Board.release.xcconfig"; sourceTree = "<group>"; };
		EBC0993E2C2727D1D62F64D8 /* Pods_Bottom_Board.framework */ = {isa = PBXFileReference; explicitFileType = wrapper.framework; includeInIndex = 0; path = Pods_Bottom_Board.framework; sourceTree = BUILT_PRODUCTS_DIR; };
		F65248E0FD4AE0F3A5C86779 /* Pods-Bottom Board.debug.xcconfig */ = {isa = PBXFileReference; includeInIndex = 1; lastKnownFileType = text.xcconfig; name = "Pods-Bottom Board.debug.xcconfig"; path = "Target Support Files/Pods-Bottom Board/Pods-Bottom Board.debug.xcconfig"; sourceTree = "<group>"; };
/* End PBXFileReference section */

/* Begin PBXFrameworksBuildPhase section */
		DE6FD3CF25076F2D007F9387 /* Frameworks */ = {
			isa = PBXFrameworksBuildPhase;
			buildActionMask = 2147483647;
			files = (
				8A25867E76E0CC953D898475 /* Pods_Bottom_Board.framework in Frameworks */,
			);
			runOnlyForDeploymentPostprocessing = 0;
		};
/* End PBXFrameworksBuildPhase section */

/* Begin PBXGroup section */
		5016AD10AF4E690766403AD1 /* Pods */ = {
			isa = PBXGroup;
			children = (
				F65248E0FD4AE0F3A5C86779 /* Pods-Bottom Board.debug.xcconfig */,
				DF236E3C8DC9943E48D9D58C /* Pods-Bottom Board.release.xcconfig */,
			);
			name = Pods;
			path = Pods;
			sourceTree = "<group>";
		};
		DE6FD3C925076F2D007F9387 = {
			isa = PBXGroup;
			children = (
				DE6FD3D425076F2D007F9387 /* Bottom Board */,
				DE6FD3D325076F2D007F9387 /* Products */,
				5016AD10AF4E690766403AD1 /* Pods */,
				E45E7CFED02911E16917D798 /* Frameworks */,
			);
			sourceTree = "<group>";
		};
		DE6FD3D325076F2D007F9387 /* Products */ = {
			isa = PBXGroup;
			children = (
				DE6FD3D225076F2D007F9387 /* Bottom Board.app */,
			);
			name = Products;
			sourceTree = "<group>";
		};
		DE6FD3D425076F2D007F9387 /* Bottom Board */ = {
			isa = PBXGroup;
			children = (
				DE6FD3D525076F2D007F9387 /* AppDelegate.swift */,
				DE6FD3D725076F2D007F9387 /* SceneDelegate.swift */,
				DE6FD3D925076F2D007F9387 /* ViewController.swift */,
				DE6FD3DB25076F2D007F9387 /* Main.storyboard */,
				DE6FD3DE25076F2E007F9387 /* Assets.xcassets */,
				DE6FD3E025076F2E007F9387 /* LaunchScreen.storyboard */,
				DE6FD3E325076F2E007F9387 /* Info.plist */,
			);
			path = "Bottom Board";
			sourceTree = "<group>";
		};
		E45E7CFED02911E16917D798 /* Frameworks */ = {
			isa = PBXGroup;
			children = (
				EBC0993E2C2727D1D62F64D8 /* Pods_Bottom_Board.framework */,
			);
			name = Frameworks;
			sourceTree = "<group>";
		};
/* End PBXGroup section */

/* Begin PBXNativeTarget section */
		DE6FD3D125076F2D007F9387 /* Bottom Board */ = {
			isa = PBXNativeTarget;
			buildConfigurationList = DE6FD3E625076F2E007F9387 /* Build configuration list for PBXNativeTarget "Bottom Board" */;
			buildPhases = (
				EE846BF04092BFB8C4D5D09D /* [CP] Check Pods Manifest.lock */,
				DE6FD3CE25076F2D007F9387 /* Sources */,
				DE6FD3CF25076F2D007F9387 /* Frameworks */,
				DE6FD3D025076F2D007F9387 /* Resources */,
				651A779068BC717737C93727 /* [CP] Embed Pods Frameworks */,
			);
			buildRules = (
			);
			dependencies = (
			);
			name = "Bottom Board";
			productName = "Bottom Board";
			productReference = DE6FD3D225076F2D007F9387 /* Bottom Board.app */;
			productType = "com.apple.product-type.application";
		};
/* End PBXNativeTarget section */

/* Begin PBXProject section */
		DE6FD3CA25076F2D007F9387 /* Project object */ = {
			isa = PBXProject;
			attributes = {
				LastSwiftUpdateCheck = 1110;
				LastUpgradeCheck = 1110;
				ORGANIZATIONNAME = "Adwait Barkale";
				TargetAttributes = {
					DE6FD3D125076F2D007F9387 = {
						CreatedOnToolsVersion = 11.1;
					};
				};
			};
			buildConfigurationList = DE6FD3CD25076F2D007F9387 /* Build configuration list for PBXProject "Bottom Board" */;
			compatibilityVersion = "Xcode 9.3";
			developmentRegion = en;
			hasScannedForEncodings = 0;
			knownRegions = (
				en,
				Base,
			);
			mainGroup = DE6FD3C925076F2D007F9387;
			productRefGroup = DE6FD3D325076F2D007F9387 /* Products */;
			projectDirPath = "";
			projectRoot = "";
			targets = (
				DE6FD3D125076F2D007F9387 /* Bottom Board */,
			);
		};
/* End PBXProject section */

/* Begin PBXResourcesBuildPhase section */
		DE6FD3D025076F2D007F9387 /* Resources */ = {
			isa = PBXResourcesBuildPhase;
			buildActionMask = 2147483647;
			files = (
				DE6FD3E225076F2E007F9387 /* LaunchScreen.storyboard in Resources */,
				DE6FD3DF25076F2E007F9387 /* Assets.xcassets in Resources */,
				DE6FD3DD25076F2D007F9387 /* Main.storyboard in Resources */,
			);
			runOnlyForDeploymentPostprocessing = 0;
		};
/* End PBXResourcesBuildPhase section */

/* Begin PBXShellScriptBuildPhase section */
		651A779068BC717737C93727 /* [CP] Embed Pods Frameworks */ = {
			isa = PBXShellScriptBuildPhase;
			buildActionMask = 2147483647;
			files = (
			);
			inputFileListPaths = (
				"${PODS_ROOT}/Target Support Files/Pods-Bottom Board/Pods-Bottom Board-frameworks-${CONFIGURATION}-input-files.xcfilelist",
			);
			name = "[CP] Embed Pods Frameworks";
			outputFileListPaths = (
				"${PODS_ROOT}/Target Support Files/Pods-Bottom Board/Pods-Bottom Board-frameworks-${CONFIGURATION}-output-files.xcfilelist",
			);
			runOnlyForDeploymentPostprocessing = 0;
			shellPath = /bin/sh;
			shellScript = "\"${PODS_ROOT}/Target Support Files/Pods-Bottom Board/Pods-Bottom Board-frameworks.sh\"\n";
			showEnvVarsInLog = 0;
		};
		EE846BF04092BFB8C4D5D09D /* [CP] Check Pods Manifest.lock */ = {
			isa = PBXShellScriptBuildPhase;
			buildActionMask = 2147483647;
			files = (
			);
			inputFileListPaths = (
			);
			inputPaths = (
				"${PODS_PODFILE_DIR_PATH}/Podfile.lock",
				"${PODS_ROOT}/Manifest.lock",
			);
			name = "[CP] Check Pods Manifest.lock";
			outputFileListPaths = (
			);
			outputPaths = (
				"$(DERIVED_FILE_DIR)/Pods-Bottom Board-checkManifestLockResult.txt",
			);
			runOnlyForDeploymentPostprocessing = 0;
			shellPath = /bin/sh;
			shellScript = "diff \"${PODS_PODFILE_DIR_PATH}/Podfile.lock\" \"${PODS_ROOT}/Manifest.lock\" > /dev/null\nif [ $? != 0 ] ; then\n    # print error to STDERR\n    echo \"error: The sandbox is not in sync with the Podfile.lock. Run 'pod install' or update your CocoaPods installation.\" >&2\n    exit 1\nfi\n# This output is used by Xcode 'outputs' to avoid re-running this script phase.\necho \"SUCCESS\" > \"${SCRIPT_OUTPUT_FILE_0}\"\n";
			showEnvVarsInLog = 0;
		};
/* End PBXShellScriptBuildPhase section */

/* Begin PBXSourcesBuildPhase section */
		DE6FD3CE25076F2D007F9387 /* Sources */ = {
			isa = PBXSourcesBuildPhase;
			buildActionMask = 2147483647;
			files = (
				DE6FD3DA25076F2D007F9387 /* ViewController.swift in Sources */,
				DE6FD3D625076F2D007F9387 /* AppDelegate.swift in Sources */,
				DE6FD3D825076F2D007F9387 /* SceneDelegate.swift in Sources */,
			);
			runOnlyForDeploymentPostprocessing = 0;
		};
/* End PBXSourcesBuildPhase section */

/* Begin PBXVariantGroup section */
		DE6FD3DB25076F2D007F9387 /* Main.storyboard */ = {
			isa = PBXVariantGroup;
			children = (
				DE6FD3DC25076F2D007F9387 /* Base */,
			);
			name = Main.storyboard;
			sourceTree = "<group>";
		};
		DE6FD3E025076F2E007F9387 /* LaunchScreen.storyboard */ = {
			isa = PBXVariantGroup;
			children = (
				DE6FD3E125076F2E007F9387 /* Base */,
			);
			name = LaunchScreen.storyboard;
			sourceTree = "<group>";
		};
/* End PBXVariantGroup section */

/* Begin XCBuildConfiguration section */
		DE6FD3E425076F2E007F9387 /* Debug */ = {
			isa = XCBuildConfiguration;
			buildSettings = {
				ALWAYS_SEARCH_USER_PATHS = NO;
				CLANG_ANALYZER_NONNULL = YES;
				CLANG_ANALYZER_NUMBER_OBJECT_CONVERSION = YES_AGGRESSIVE;
				CLANG_CXX_LANGUAGE_STANDARD = "gnu++14";
				CLANG_CXX_LIBRARY = "libc++";
				CLANG_ENABLE_MODULES = YES;
				CLANG_ENABLE_OBJC_ARC = YES;
				CLANG_ENABLE_OBJC_WEAK = YES;
				CLANG_WARN_BLOCK_CAPTURE_AUTORELEASING = YES;
				CLANG_WARN_BOOL_CONVERSION = YES;
				CLANG_WARN_COMMA = YES;
				CLANG_WARN_CONSTANT_CONVERSION = YES;
				CLANG_WARN_DEPRECATED_OBJC_IMPLEMENTATIONS = YES;
				CLANG_WARN_DIRECT_OBJC_ISA_USAGE = YES_ERROR;
				CLANG_WARN_DOCUMENTATION_COMMENTS = YES;
				CLANG_WARN_EMPTY_BODY = YES;
				CLANG_WARN_ENUM_CONVERSION = YES;
				CLANG_WARN_INFINITE_RECURSION = YES;
				CLANG_WARN_INT_CONVERSION = YES;
				CLANG_WARN_NON_LITERAL_NULL_CONVERSION = YES;
				CLANG_WARN_OBJC_IMPLICIT_RETAIN_SELF = YES;
				CLANG_WARN_OBJC_LITERAL_CONVERSION = YES;
				CLANG_WARN_OBJC_ROOT_CLASS = YES_ERROR;
				CLANG_WARN_RANGE_LOOP_ANALYSIS = YES;
				CLANG_WARN_STRICT_PROTOTYPES = YES;
				CLANG_WARN_SUSPICIOUS_MOVE = YES;
				CLANG_WARN_UNGUARDED_AVAILABILITY = YES_AGGRESSIVE;
				CLANG_WARN_UNREACHABLE_CODE = YES;
				CLANG_WARN__DUPLICATE_METHOD_MATCH = YES;
				COPY_PHASE_STRIP = NO;
				DEBUG_INFORMATION_FORMAT = dwarf;
				ENABLE_STRICT_OBJC_MSGSEND = YES;
				ENABLE_TESTABILITY = YES;
				GCC_C_LANGUAGE_STANDARD = gnu11;
				GCC_DYNAMIC_NO_PIC = NO;
				GCC_NO_COMMON_BLOCKS = YES;
				GCC_OPTIMIZATION_LEVEL = 0;
				GCC_PREPROCESSOR_DEFINITIONS = (
					"DEBUG=1",
					"$(inherited)",
				);
				GCC_WARN_64_TO_32_BIT_CONVERSION = YES;
				GCC_WARN_ABOUT_RETURN_TYPE = YES_ERROR;
				GCC_WARN_UNDECLARED_SELECTOR = YES;
				GCC_WARN_UNINITIALIZED_AUTOS = YES_AGGRESSIVE;
				GCC_WARN_UNUSED_FUNCTION = YES;
				GCC_WARN_UNUSED_VARIABLE = YES;
				IPHONEOS_DEPLOYMENT_TARGET = 13.1;
				MTL_ENABLE_DEBUG_INFO = INCLUDE_SOURCE;
				MTL_FAST_MATH = YES;
				ONLY_ACTIVE_ARCH = YES;
				SDKROOT = iphoneos;
				SWIFT_ACTIVE_COMPILATION_CONDITIONS = DEBUG;
				SWIFT_OPTIMIZATION_LEVEL = "-Onone";
			};
			name = Debug;
		};
		DE6FD3E525076F2E007F9387 /* Release */ = {
			isa = XCBuildConfiguration;
			buildSettings = {
				ALWAYS_SEARCH_USER_PATHS = NO;
				CLANG_ANALYZER_NONNULL = YES;
				CLANG_ANALYZER_NUMBER_OBJECT_CONVERSION = YES_AGGRESSIVE;
				CLANG_CXX_LANGUAGE_STANDARD = "gnu++14";
				CLANG_CXX_LIBRARY = "libc++";
				CLANG_ENABLE_MODULES = YES;
				CLANG_ENABLE_OBJC_ARC = YES;
				CLANG_ENABLE_OBJC_WEAK = YES;
				CLANG_WARN_BLOCK_CAPTURE_AUTORELEASING = YES;
				CLANG_WARN_BOOL_CONVERSION = YES;
				CLANG_WARN_COMMA = YES;
				CLANG_WARN_CONSTANT_CONVERSION = YES;
				CLANG_WARN_DEPRECATED_OBJC_IMPLEMENTATIONS = YES;
				CLANG_WARN_DIRECT_OBJC_ISA_USAGE = YES_ERROR;
				CLANG_WARN_DOCUMENTATION_COMMENTS = YES;
				CLANG_WARN_EMPTY_BODY = YES;
				CLANG_WARN_ENUM_CONVERSION = YES;
				CLANG_WARN_INFINITE_RECURSION = YES;
				CLANG_WARN_INT_CONVERSION = YES;
				CLANG_WARN_NON_LITERAL_NULL_CONVERSION = YES;
				CLANG_WARN_OBJC_IMPLICIT_RETAIN_SELF = YES;
				CLANG_WARN_OBJC_LITERAL_CONVERSION = YES;
				CLANG_WARN_OBJC_ROOT_CLASS = YES_ERROR;
				CLANG_WARN_RANGE_LOOP_ANALYSIS = YES;
				CLANG_WARN_STRICT_PROTOTYPES = YES;
				CLANG_WARN_SUSPICIOUS_MOVE = YES;
				CLANG_WARN_UNGUARDED_AVAILABILITY = YES_AGGRESSIVE;
				CLANG_WARN_UNREACHABLE_CODE = YES;
				CLANG_WARN__DUPLICATE_METHOD_MATCH = YES;
				COPY_PHASE_STRIP = NO;
				DEBUG_INFORMATION_FORMAT = "dwarf-with-dsym";
				ENABLE_NS_ASSERTIONS = NO;
				ENABLE_STRICT_OBJC_MSGSEND = YES;
				GCC_C_LANGUAGE_STANDARD = gnu11;
				GCC_NO_COMMON_BLOCKS = YES;
				GCC_WARN_64_TO_32_BIT_CONVERSION = YES;
				GCC_WARN_ABOUT_RETURN_TYPE = YES_ERROR;
				GCC_WARN_UNDECLARED_SELECTOR = YES;
				GCC_WARN_UNINITIALIZED_AUTOS = YES_AGGRESSIVE;
				GCC_WARN_UNUSED_FUNCTION = YES;
				GCC_WARN_UNUSED_VARIABLE = YES;
				IPHONEOS_DEPLOYMENT_TARGET = 13.1;
				MTL_ENABLE_DEBUG_INFO = NO;
				MTL_FAST_MATH = YES;
				SDKROOT = iphoneos;
				SWIFT_COMPILATION_MODE = wholemodule;
				SWIFT_OPTIMIZATION_LEVEL = "-O";
				VALIDATE_PRODUCT = YES;
			};
			name = Release;
		};
		DE6FD3E725076F2E007F9387 /* Debug */ = {
			isa = XCBuildConfiguration;
			baseConfigurationReference = F65248E0FD4AE0F3A5C86779 /* Pods-Bottom Board.debug.xcconfig */;
			buildSettings = {
				ASSETCATALOG_COMPILER_APPICON_NAME = AppIcon;
				CODE_SIGN_STYLE = Automatic;
				DEVELOPMENT_TEAM = S59B8CL687;
				INFOPLIST_FILE = "Bottom Board/Info.plist";
				LD_RUNPATH_SEARCH_PATHS = (
					"$(inherited)",
					"@executable_path/Frameworks",
				);
				PRODUCT_BUNDLE_IDENTIFIER = "com.Adwait.Bottom-Board";
				PRODUCT_NAME = "$(TARGET_NAME)";
				SWIFT_VERSION = 5.0;
				TARGETED_DEVICE_FAMILY = "1,2";
			};
			name = Debug;
		};
		DE6FD3E825076F2E007F9387 /* Release */ = {
			isa = XCBuildConfiguration;
			baseConfigurationReference = DF236E3C8DC9943E48D9D58C /* Pods-Bottom Board.release.xcconfig */;
			buildSettings = {
				ASSETCATALOG_COMPILER_APPICON_NAME = AppIcon;
				CODE_SIGN_STYLE = Automatic;
				DEVELOPMENT_TEAM = S59B8CL687;
				INFOPLIST_FILE = "Bottom Board/Info.plist";
				LD_RUNPATH_SEARCH_PATHS = (
					"$(inherited)",
					"@executable_path/Frameworks",
				);
				PRODUCT_BUNDLE_IDENTIFIER = "com.Adwait.Bottom-Board";
				PRODUCT_NAME = "$(TARGET_NAME)";
				SWIFT_VERSION = 5.0;
				TARGETED_DEVICE_FAMILY = "1,2";
			};
			name = Release;
		};
/* End XCBuildConfiguration section */

/* Begin XCConfigurationList section */
		DE6FD3CD25076F2D007F9387 /* Build configuration list for PBXProject "Bottom Board" */ = {
			isa = XCConfigurationList;
			buildConfigurations = (
				DE6FD3E425076F2E007F9387 /* Debug */,
				DE6FD3E525076F2E007F9387 /* Release */,
			);
			defaultConfigurationIsVisible = 0;
			defaultConfigurationName = Release;
		};
		DE6FD3E625076F2E007F9387 /* Build configuration list for PBXNativeTarget "Bottom Board" */ = {
			isa = XCConfigurationList;
			buildConfigurations = (
				DE6FD3E725076F2E007F9387 /* Debug */,
				DE6FD3E825076F2E007F9387 /* Release */,
			);
			defaultConfigurationIsVisible = 0;
			defaultConfigurationName = Release;
		};
/* End XCConfigurationList section */
	};
	rootObject = DE6FD3CA25076F2D007F9387 /* Project object */;
}
